
Microsoft Visual Studio Solution File, Format Version 12.00
# Visual Studio 15
VisualStudioVersion = 15.0.26730.12
MinimumVisualStudioVersion = 10.0.40219.1
Project("{FAE04EC0-301F-11D3-BF4B-00C04F79EFBC}") = "FavouriteAnimals", "FavouriteAnimals\FavouriteAnimals.csproj", "{0CAF4475-D5C3-4A03-843F-BDD372705022}"
EndProject
Global
	GlobalSection(SolutionConfigurationPlatforms) = preSolution
		Debug|Any CPU = Debug|Any CPU
		Release|Any CPU = Release|Any CPU
	EndGlobalSection
	GlobalSection(ProjectConfigurationPlatforms) = postSolution
		{0CAF4475-D5C3-4A03-843F-BDD372705022}.Debug|Any CPU.ActiveCfg = Debug|Any CPU
		{0CAF4475-D5C3-4A03-843F-BDD372705022}.Debug|Any CPU.Build.0 = Debug|Any CPU
		{0CAF4475-D5C3-4A03-843F-BDD372705022}.Release|Any CPU.ActiveCfg = Release|Any CPU
		{0CAF4475-D5C3-4A03-843F-BDD372705022}.Release|Any CPU.Build.0 = Release|Any CPU
	EndGlobalSection
	GlobalSection(SolutionProperties) = preSolution
		HideSolutionNode = FALSE
	EndGlobalSection
	GlobalSection(ExtensibilityGlobals) = postSolution
		SolutionGuid = {E4A22E7F-8036-40A6-A2A9-ADD3CC5BBAAC}
	EndGlobalSection
EndGlobal
